<?xml version="1.0" encoding="utf-8"?>
<Project ToolsVersion="4.0" xmlns="http://schemas.microsoft.com/developer/msbuild/2003">
  <ItemGroup>
    <Filter Include="Source Files">
      <UniqueIdentifier>{4FC737F1-C7A5-4376-A066-2A32D752A2FF}</UniqueIdentifier>
      <Extensions>cpp;c;cc;cxx;def;odl;idl;hpj;bat;asm;asmx</Extensions>
    </Filter>
    <Filter Include="Header Files">
      <UniqueIdentifier>{93995380-89BD-4b04-88EB-625FBE52EBFB}</UniqueIdentifier>
      <Extensions>h;hh;hpp;hxx;hm;inl;inc;xsd</Extensions>
    </Filter>
    <Filter Include="Resource Files">
      <UniqueIdentifier>{67DA6AB6-F800-4c08-8B7A-83BB121AAD01}</UniqueIdentifier>
      <Extensions>rc;ico;cur;bmp;dlg;rc2;rct;bin;rgs;gif;jpg;jpeg;jpe;resx;tiff;tif;png;wav;mfcribbon-ms</Extensions>
    </Filter>
  </ItemGroup>
  <ItemGroup>
    <ClInclude Include="DownScaleFilter.h">
      <Filter>Header Files</Filter>
    </ClInclude>
    <ClInclude Include="FeaturePointDetection.h">
      <Filter>Header Files</Filter>
    </ClInclude>
    <ClInclude Include="GaussianPyramid.h">
      <Filter>Header Files</Filter>
    </ClInclude>
    <ClInclude Include="HomographMappingFilter.h">
      <Filter>Header Files</Filter>
    </ClInclude>
    <ClInclude Include="MorphologyFilter.h">
      <Filter>Header Files</Filter>
    </ClInclude>
    <ClInclude Include="Pyramid.h">
      <Filter>Header Files</Filter>
    </ClInclude>
    <ClInclude Include="SmoothFilter5x5.h">
      <Filter>Header Files</Filter>
    </ClInclude>
    <ClInclude Include="ZoomInFilter.h">
      <Filter>Header Files</Filter>
    </ClInclude>
    <ClInclude Include="BilateralDNSUVFilter_Basic.h">
      <Filter>Header Files</Filter>
    </ClInclude>
    <ClInclude Include="BilateralUVDNSFilter_Basic.h">
      <Filter>Header Files</Filter>
    </ClInclude>
    <ClInclude Include="DNSUVFilter.h">
      <Filter>Header Files</Filter>
    </ClInclude>
    <ClInclude Include="DNSYFilter.h">
      <Filter>Header Files</Filter>
    </ClInclude>
    <ClInclude Include="NLM_DNSYFilter_Basic.h">
      <Filter>Header Files</Filter>
    </ClInclude>
    <ClInclude Include="NLM_YDNSFilter_Basic.h">
      <Filter>Header Files</Filter>
    </ClInclude>
    <ClInclude Include="PyramidYUVDNSFilter.h">
      <Filter>Header Files</Filter>
    </ClInclude>
    <ClInclude Include="WaveletPyramidYUV420DNSFilter.h">
      <Filter>Header Files</Filter>
    </ClInclude>
    <ClInclude Include="WaveletPyramidYUV420DNSFilter_Basic.h">
      <Filter>Source Files</Filter>
    </ClInclude>
  </ItemGroup>
  <ItemGroup>
    <ClCompile Include="DownScaleFilter.cpp">
      <Filter>Source Files</Filter>
    </ClCompile>
    <ClCompile Include="FeaturePointDetection.cpp">
      <Filter>Source Files</Filter>
    </ClCompile>
    <ClCompile Include="GaussianPyramid.cpp">
      <Filter>Source Files</Filter>
    </ClCompile>
    <ClCompile Include="HomographMappingFilter.cpp">
      <Filter>Source Files</Filter>
    </ClCompile>
    <ClCompile Include="MorphologyFilter.cpp">
      <Filter>Source Files</Filter>
    </ClCompile>
    <ClCompile Include="Pyramid.cpp">
      <Filter>Source Files</Filter>
    </ClCompile>
    <ClCompile Include="SmoothFilter5x5.cpp">
      <Filter>Source Files</Filter>
    </ClCompile>
    <ClCompile Include="ZoomInFilter.cpp">
      <Filter>Source Files</Filter>
    </ClCompile>
    <ClCompile Include="BilateralDNSUVFilter_Basic.cpp">
      <Filter>Source Files</Filter>
    </ClCompile>
    <ClCompile Include="BilateralUVDNSFilter_Basic.cpp">
      <Filter>Source Files</Filter>
    </ClCompile>
    <ClCompile Include="DNSUVFilter.cpp">
      <Filter>Source Files</Filter>
    </ClCompile>
    <ClCompile Include="DNSYFilter.cpp">
      <Filter>Source Files</Filter>
    </ClCompile>
    <ClCompile Include="NLM_DNSYFilter_Basic.cpp">
      <Filter>Source Files</Filter>
    </ClCompile>
    <ClCompile Include="NLM_YDNSFilter_Basic.cpp">
      <Filter>Source Files</Filter>
    </ClCompile>
    <ClCompile Include="PyramidYUVDNSFilter.cpp">
      <Filter>Source Files</Filter>
    </ClCompile>
    <ClCompile Include="WaveletPyramidYUV420DNSFilter.cpp">
      <Filter>Source Files</Filter>
    </ClCompile>
  </ItemGroup>
</Project>